// !$*UTF8*$!
{
	archiveVersion = 1;
	classes = {
	};
	objectVersion = 50;
	objects = {

/* Begin PBXBuildFile section */
		6A197C35251B819200E199FB /* WidgetsApp.swift in Sources */ = {isa = PBXBuildFile; fileRef = 6A197C34251B819200E199FB /* WidgetsApp.swift */; };
		6A197C37251B819200E199FB /* ContentView.swift in Sources */ = {isa = PBXBuildFile; fileRef = 6A197C36251B819200E199FB /* ContentView.swift */; };
		6A197C39251B819300E199FB /* Assets.xcassets in Resources */ = {isa = PBXBuildFile; fileRef = 6A197C38251B819300E199FB /* Assets.xcassets */; };
		6A197C3C251B819300E199FB /* Preview Assets.xcassets in Resources */ = {isa = PBXBuildFile; fileRef = 6A197C3B251B819300E199FB /* Preview Assets.xcassets */; };
		6A197C47251B819300E199FB /* WidgetsTests.swift in Sources */ = {isa = PBXBuildFile; fileRef = 6A197C46251B819300E199FB /* WidgetsTests.swift */; };
		6A197C52251B819300E199FB /* WidgetsUITests.swift in Sources */ = {isa = PBXBuildFile; fileRef = 6A197C51251B819300E199FB /* WidgetsUITests.swift */; };
		6A197C69251B81C000E199FB /* WidgetKit.framework in Frameworks */ = {isa = PBXBuildFile; fileRef = 6A197C68251B81C000E199FB /* WidgetKit.framework */; };
		6A197C6B251B81C000E199FB /* SwiftUI.framework in Frameworks */ = {isa = PBXBuildFile; fileRef = 6A197C6A251B81C000E199FB /* SwiftUI.framework */; };
		6A197CFE251B9A9100E199FB /* WidgetKit.framework in Frameworks */ = {isa = PBXBuildFile; fileRef = 6A197C68251B81C000E199FB /* WidgetKit.framework */; };
		6A197CFF251B9A9100E199FB /* SwiftUI.framework in Frameworks */ = {isa = PBXBuildFile; fileRef = 6A197C6A251B81C000E199FB /* SwiftUI.framework */; };
		6A197D28251BB69A00E199FB /* WidgetKit.framework in Frameworks */ = {isa = PBXBuildFile; fileRef = 6A197C68251B81C000E199FB /* WidgetKit.framework */; };
		6A197D29251BB69A00E199FB /* SwiftUI.framework in Frameworks */ = {isa = PBXBuildFile; fileRef = 6A197C6A251B81C000E199FB /* SwiftUI.framework */; };
		6A197D2C251BB69A00E199FB /* WidgetCollection.swift in Sources */ = {isa = PBXBuildFile; fileRef = 6A197D2B251BB69A00E199FB /* WidgetCollection.swift */; };
		6A197D2F251BB69D00E199FB /* Assets.xcassets in Resources */ = {isa = PBXBuildFile; fileRef = 6A197D2E251BB69D00E199FB /* Assets.xcassets */; };
		6A197D31251BB69D00E199FB /* WidgetCollection.intentdefinition in Sources */ = {isa = PBXBuildFile; fileRef = 6A197D2D251BB69A00E199FB /* WidgetCollection.intentdefinition */; };
		6A197D32251BB69D00E199FB /* WidgetCollection.intentdefinition in Sources */ = {isa = PBXBuildFile; fileRef = 6A197D2D251BB69A00E199FB /* WidgetCollection.intentdefinition */; };
		6A197D35251BB69D00E199FB /* WidgetCollectionExtension.appex in Embed App Extensions */ = {isa = PBXBuildFile; fileRef = 6A197D27251BB69A00E199FB /* WidgetCollectionExtension.appex */; settings = {ATTRIBUTES = (RemoveHeadersOnCopy, ); }; };
		6A197D40251BB6CC00E199FB /* MyDataProvider.swift in Sources */ = {isa = PBXBuildFile; fileRef = 6A197D3F251BB6CC00E199FB /* MyDataProvider.swift */; };
		6A197D66251BBCA000E199FB /* Avatar.png in Resources */ = {isa = PBXBuildFile; fileRef = 6A197D65251BBCA000E199FB /* Avatar.png */; };
/* End PBXBuildFile section */

/* Begin PBXContainerItemProxy section */
		6A197C43251B819300E199FB /* PBXContainerItemProxy */ = {
			isa = PBXContainerItemProxy;
			containerPortal = 6A197C29251B819200E199FB /* Project object */;
			proxyType = 1;
			remoteGlobalIDString = 6A197C30251B819200E199FB;
			remoteInfo = Widgets;
		};
		6A197C4E251B819300E199FB /* PBXContainerItemProxy */ = {
			isa = PBXContainerItemProxy;
			containerPortal = 6A197C29251B819200E199FB /* Project object */;
			proxyType = 1;
			remoteGlobalIDString = 6A197C30251B819200E199FB;
			remoteInfo = Widgets;
		};
		6A197D33251BB69D00E199FB /* PBXContainerItemProxy */ = {
			isa = PBXContainerItemProxy;
			containerPortal = 6A197C29251B819200E199FB /* Project object */;
			proxyType = 1;
			remoteGlobalIDString = 6A197D26251BB69A00E199FB;
			remoteInfo = WidgetCollectionExtension;
		};
/* End PBXContainerItemProxy section */

/* Begin PBXCopyFilesBuildPhase section */
		6A197C7B251B81C200E199FB /* Embed App Extensions */ = {
			isa = PBXCopyFilesBuildPhase;
			buildActionMask = 2147483647;
			dstPath = "";
			dstSubfolderSpec = 13;
			files = (
				6A197D35251BB69D00E199FB /* WidgetCollectionExtension.appex in Embed App Extensions */,
			);
			name = "Embed App Extensions";
			runOnlyForDeploymentPostprocessing = 0;
		};
/* End PBXCopyFilesBuildPhase section */

/* Begin PBXFileReference section */
		6A197C31251B819200E199FB /* Widgets.app */ = {isa = PBXFileReference; explicitFileType = wrapper.application; includeInIndex = 0; path = Widgets.app; sourceTree = BUILT_PRODUCTS_DIR; };
		6A197C34251B819200E199FB /* WidgetsApp.swift */ = {isa = PBXFileReference; lastKnownFileType = sourcecode.swift; path = WidgetsApp.swift; sourceTree = "<group>"; };
		6A197C36251B819200E199FB /* ContentView.swift */ = {isa = PBXFileReference; lastKnownFileType = sourcecode.swift; path = ContentView.swift; sourceTree = "<group>"; };
		6A197C38251B819300E199FB /* Assets.xcassets */ = {isa = PBXFileReference; lastKnownFileType = folder.assetcatalog; path = Assets.xcassets; sourceTree = "<group>"; };
		6A197C3B251B819300E199FB /* Preview Assets.xcassets */ = {isa = PBXFileReference; lastKnownFileType = folder.assetcatalog; path = "Preview Assets.xcassets"; sourceTree = "<group>"; };
		6A197C3D251B819300E199FB /* Info.plist */ = {isa = PBXFileReference; lastKnownFileType = text.plist.xml; path = Info.plist; sourceTree = "<group>"; };
		6A197C42251B819300E199FB /* WidgetsTests.xctest */ = {isa = PBXFileReference; explicitFileType = wrapper.cfbundle; includeInIndex = 0; path = WidgetsTests.xctest; sourceTree = BUILT_PRODUCTS_DIR; };
		6A197C46251B819300E199FB /* WidgetsTests.swift */ = {isa = PBXFileReference; lastKnownFileType = sourcecode.swift; path = WidgetsTests.swift; sourceTree = "<group>"; };
		6A197C48251B819300E199FB /* Info.plist */ = {isa = PBXFileReference; lastKnownFileType = text.plist.xml; path = Info.plist; sourceTree = "<group>"; };
		6A197C4D251B819300E199FB /* WidgetsUITests.xctest */ = {isa = PBXFileReference; explicitFileType = wrapper.cfbundle; includeInIndex = 0; path = WidgetsUITests.xctest; sourceTree = BUILT_PRODUCTS_DIR; };
		6A197C51251B819300E199FB /* WidgetsUITests.swift */ = {isa = PBXFileReference; lastKnownFileType = sourcecode.swift; path = WidgetsUITests.swift; sourceTree = "<group>"; };
		6A197C53251B819300E199FB /* Info.plist */ = {isa = PBXFileReference; lastKnownFileType = text.plist.xml; path = Info.plist; sourceTree = "<group>"; };
		6A197C66251B81C000E199FB /* Widget_ExExtension.appex */ = {isa = PBXFileReference; explicitFileType = "wrapper.app-extension"; includeInIndex = 0; path = Widget_ExExtension.appex; sourceTree = BUILT_PRODUCTS_DIR; };
		6A197C68251B81C000E199FB /* WidgetKit.framework */ = {isa = PBXFileReference; lastKnownFileType = wrapper.framework; name = WidgetKit.framework; path = System/Library/Frameworks/WidgetKit.framework; sourceTree = SDKROOT; };
		6A197C6A251B81C000E199FB /* SwiftUI.framework */ = {isa = PBXFileReference; lastKnownFileType = wrapper.framework; name = SwiftUI.framework; path = System/Library/Frameworks/SwiftUI.framework; sourceTree = SDKROOT; };
		6A197CFD251B9A9100E199FB /* 1Extension.appex */ = {isa = PBXFileReference; explicitFileType = "wrapper.app-extension"; includeInIndex = 0; path = 1Extension.appex; sourceTree = BUILT_PRODUCTS_DIR; };
		6A197D27251BB69A00E199FB /* WidgetCollectionExtension.appex */ = {isa = PBXFileReference; explicitFileType = "wrapper.app-extension"; includeInIndex = 0; path = WidgetCollectionExtension.appex; sourceTree = BUILT_PRODUCTS_DIR; };
		6A197D2B251BB69A00E199FB /* WidgetCollection.swift */ = {isa = PBXFileReference; lastKnownFileType = sourcecode.swift; path = WidgetCollection.swift; sourceTree = "<group>"; };
		6A197D2D251BB69A00E199FB /* WidgetCollection.intentdefinition */ = {isa = PBXFileReference; lastKnownFileType = file.intentdefinition; path = WidgetCollection.intentdefinition; sourceTree = "<group>"; };
		6A197D2E251BB69D00E199FB /* Assets.xcassets */ = {isa = PBXFileReference; lastKnownFileType = folder.assetcatalog; path = Assets.xcassets; sourceTree = "<group>"; };
		6A197D30251BB69D00E199FB /* Info.plist */ = {isa = PBXFileReference; lastKnownFileType = text.plist.xml; path = Info.plist; sourceTree = "<group>"; };
		6A197D3F251BB6CC00E199FB /* MyDataProvider.swift */ = {isa = PBXFileReference; lastKnownFileType = sourcecode.swift; path = MyDataProvider.swift; sourceTree = "<group>"; };
		6A197D65251BBCA000E199FB /* Avatar.png */ = {isa = PBXFileReference; lastKnownFileType = image.png; path = Avatar.png; sourceTree = "<group>"; };
/* End PBXFileReference section */

/* Begin PBXFrameworksBuildPhase section */
		6A197C2E251B819200E199FB /* Frameworks */ = {
			isa = PBXFrameworksBuildPhase;
			buildActionMask = 2147483647;
			files = (
			);
			runOnlyForDeploymentPostprocessing = 0;
		};
		6A197C3F251B819300E199FB /* Frameworks */ = {
			isa = PBXFrameworksBuildPhase;
			buildActionMask = 2147483647;
			files = (
			);
			runOnlyForDeploymentPostprocessing = 0;
		};
		6A197C4A251B819300E199FB /* Frameworks */ = {
			isa = PBXFrameworksBuildPhase;
			buildActionMask = 2147483647;
			files = (
			);
			runOnlyForDeploymentPostprocessing = 0;
		};
		6A197C63251B81C000E199FB /* Frameworks */ = {
			isa = PBXFrameworksBuildPhase;
			buildActionMask = 2147483647;
			files = (
				6A197C6B251B81C000E199FB /* SwiftUI.framework in Frameworks */,
				6A197C69251B81C000E199FB /* WidgetKit.framework in Frameworks */,
			);
			runOnlyForDeploymentPostprocessing = 0;
		};
		6A197CFA251B9A9100E199FB /* Frameworks */ = {
			isa = PBXFrameworksBuildPhase;
			buildActionMask = 2147483647;
			files = (
				6A197CFF251B9A9100E199FB /* SwiftUI.framework in Frameworks */,
				6A197CFE251B9A9100E199FB /* WidgetKit.framework in Frameworks */,
			);
			runOnlyForDeploymentPostprocessing = 0;
		};
		6A197D24251BB69A00E199FB /* Frameworks */ = {
			isa = PBXFrameworksBuildPhase;
			buildActionMask = 2147483647;
			files = (
				6A197D29251BB69A00E199FB /* SwiftUI.framework in Frameworks */,
				6A197D28251BB69A00E199FB /* WidgetKit.framework in Frameworks */,
			);
			runOnlyForDeploymentPostprocessing = 0;
		};
/* End PBXFrameworksBuildPhase section */

/* Begin PBXGroup section */
		6A197C28251B819200E199FB = {
			isa = PBXGroup;
			children = (
				6A197C33251B819200E199FB /* Widgets */,
				6A197C45251B819300E199FB /* WidgetsTests */,
				6A197C50251B819300E199FB /* WidgetsUITests */,
				6A197D2A251BB69A00E199FB /* WidgetCollection */,
				6A197C67251B81C000E199FB /* Frameworks */,
				6A197C32251B819200E199FB /* Products */,
			);
			sourceTree = "<group>";
		};
		6A197C32251B819200E199FB /* Products */ = {
			isa = PBXGroup;
			children = (
				6A197C31251B819200E199FB /* Widgets.app */,
				6A197C42251B819300E199FB /* WidgetsTests.xctest */,
				6A197C4D251B819300E199FB /* WidgetsUITests.xctest */,
				6A197C66251B81C000E199FB /* Widget_ExExtension.appex */,
				6A197CFD251B9A9100E199FB /* 1Extension.appex */,
				6A197D27251BB69A00E199FB /* WidgetCollectionExtension.appex */,
			);
			name = Products;
			sourceTree = "<group>";
		};
		6A197C33251B819200E199FB /* Widgets */ = {
			isa = PBXGroup;
			children = (
				6A197C34251B819200E199FB /* WidgetsApp.swift */,
				6A197C36251B819200E199FB /* ContentView.swift */,
				6A197C38251B819300E199FB /* Assets.xcassets */,
				6A197C3D251B819300E199FB /* Info.plist */,
				6A197C3A251B819300E199FB /* Preview Content */,
			);
			path = Widgets;
			sourceTree = "<group>";
		};
		6A197C3A251B819300E199FB /* Preview Content */ = {
			isa = PBXGroup;
			children = (
				6A197C3B251B819300E199FB /* Preview Assets.xcassets */,
			);
			path = "Preview Content";
			sourceTree = "<group>";
		};
		6A197C45251B819300E199FB /* WidgetsTests */ = {
			isa = PBXGroup;
			children = (
				6A197C46251B819300E199FB /* WidgetsTests.swift */,
				6A197C48251B819300E199FB /* Info.plist */,
			);
			path = WidgetsTests;
			sourceTree = "<group>";
		};
		6A197C50251B819300E199FB /* WidgetsUITests */ = {
			isa = PBXGroup;
			children = (
				6A197C51251B819300E199FB /* WidgetsUITests.swift */,
				6A197C53251B819300E199FB /* Info.plist */,
			);
			path = WidgetsUITests;
			sourceTree = "<group>";
		};
		6A197C67251B81C000E199FB /* Frameworks */ = {
			isa = PBXGroup;
			children = (
				6A197C68251B81C000E199FB /* WidgetKit.framework */,
				6A197C6A251B81C000E199FB /* SwiftUI.framework */,
			);
			name = Frameworks;
			sourceTree = "<group>";
		};
		6A197D2A251BB69A00E199FB /* WidgetCollection */ = {
			isa = PBXGroup;
			children = (
				6A197D2B251BB69A00E199FB /* WidgetCollection.swift */,
				6A197D3F251BB6CC00E199FB /* MyDataProvider.swift */,
				6A197D2D251BB69A00E199FB /* WidgetCollection.intentdefinition */,
				6A197D65251BBCA000E199FB /* Avatar.png */,
				6A197D2E251BB69D00E199FB /* Assets.xcassets */,
				6A197D30251BB69D00E199FB /* Info.plist */,
			);
			path = WidgetCollection;
			sourceTree = "<group>";
		};
/* End PBXGroup section */

/* Begin PBXNativeTarget section */
		6A197C30251B819200E199FB /* Widgets */ = {
			isa = PBXNativeTarget;
			buildConfigurationList = 6A197C56251B819300E199FB /* Build configuration list for PBXNativeTarget "Widgets" */;
			buildPhases = (
				6A197C2D251B819200E199FB /* Sources */,
				6A197C2E251B819200E199FB /* Frameworks */,
				6A197C2F251B819200E199FB /* Resources */,
				6A197C7B251B81C200E199FB /* Embed App Extensions */,
			);
			buildRules = (
			);
			dependencies = (
				6A197D34251BB69D00E199FB /* PBXTargetDependency */,
			);
			name = Widgets;
			productName = Widgets;
			productReference = 6A197C31251B819200E199FB /* Widgets.app */;
			productType = "com.apple.product-type.application";
		};
		6A197C41251B819300E199FB /* WidgetsTests */ = {
			isa = PBXNativeTarget;
			buildConfigurationList = 6A197C59251B819300E199FB /* Build configuration list for PBXNativeTarget "WidgetsTests" */;
			buildPhases = (
				6A197C3E251B819300E199FB /* Sources */,
				6A197C3F251B819300E199FB /* Frameworks */,
				6A197C40251B819300E199FB /* Resources */,
			);
			buildRules = (
			);
			dependencies = (
				6A197C44251B819300E199FB /* PBXTargetDependency */,
			);
			name = WidgetsTests;
			productName = WidgetsTests;
			productReference = 6A197C42251B819300E199FB /* WidgetsTests.xctest */;
			productType = "com.apple.product-type.bundle.unit-test";
		};
		6A197C4C251B819300E199FB /* WidgetsUITests */ = {
			isa = PBXNativeTarget;
			buildConfigurationList = 6A197C5C251B819300E199FB /* Build configuration list for PBXNativeTarget "WidgetsUITests" */;
			buildPhases = (
				6A197C49251B819300E199FB /* Sources */,
				6A197C4A251B819300E199FB /* Frameworks */,
				6A197C4B251B819300E199FB /* Resources */,
			);
			buildRules = (
			);
			dependencies = (
				6A197C4F251B819300E199FB /* PBXTargetDependency */,
			);
			name = WidgetsUITests;
			productName = WidgetsUITests;
			productReference = 6A197C4D251B819300E199FB /* WidgetsUITests.xctest */;
			productType = "com.apple.product-type.bundle.ui-testing";
		};
		6A197C65251B81C000E199FB /* Widget_ExExtension */ = {
			isa = PBXNativeTarget;
			buildConfigurationList = 6A197C78251B81C200E199FB /* Build configuration list for PBXNativeTarget "Widget_ExExtension" */;
			buildPhases = (
				6A197C62251B81C000E199FB /* Sources */,
				6A197C63251B81C000E199FB /* Frameworks */,
				6A197C64251B81C000E199FB /* Resources */,
			);
			buildRules = (
			);
			dependencies = (
			);
			name = Widget_ExExtension;
			productName = Widget_ExExtension;
			productReference = 6A197C66251B81C000E199FB /* Widget_ExExtension.appex */;
			productType = "com.apple.product-type.app-extension";
		};
		6A197CFC251B9A9100E199FB /* 1Extension */ = {
			isa = PBXNativeTarget;
			buildConfigurationList = 6A197D0C251B9A9300E199FB /* Build configuration list for PBXNativeTarget "1Extension" */;
			buildPhases = (
				6A197CF9251B9A9100E199FB /* Sources */,
				6A197CFA251B9A9100E199FB /* Frameworks */,
				6A197CFB251B9A9100E199FB /* Resources */,
			);
			buildRules = (
			);
			dependencies = (
			);
			name = 1Extension;
			productName = 1Extension;
			productReference = 6A197CFD251B9A9100E199FB /* 1Extension.appex */;
			productType = "com.apple.product-type.app-extension";
		};
		6A197D26251BB69A00E199FB /* WidgetCollectionExtension */ = {
			isa = PBXNativeTarget;
			buildConfigurationList = 6A197D36251BB69D00E199FB /* Build configuration list for PBXNativeTarget "WidgetCollectionExtension" */;
			buildPhases = (
				6A197D23251BB69A00E199FB /* Sources */,
				6A197D24251BB69A00E199FB /* Frameworks */,
				6A197D25251BB69A00E199FB /* Resources */,
			);
			buildRules = (
			);
			dependencies = (
			);
			name = WidgetCollectionExtension;
			productName = WidgetCollectionExtension;
			productReference = 6A197D27251BB69A00E199FB /* WidgetCollectionExtension.appex */;
			productType = "com.apple.product-type.app-extension";
		};
/* End PBXNativeTarget section */

/* Begin PBXProject section */
		6A197C29251B819200E199FB /* Project object */ = {
			isa = PBXProject;
			attributes = {
				LastSwiftUpdateCheck = 1200;
				LastUpgradeCheck = 1200;
				TargetAttributes = {
					6A197C30251B819200E199FB = {
						CreatedOnToolsVersion = 12.0;
					};
					6A197C41251B819300E199FB = {
						CreatedOnToolsVersion = 12.0;
						TestTargetID = 6A197C30251B819200E199FB;
					};
					6A197C4C251B819300E199FB = {
						CreatedOnToolsVersion = 12.0;
						TestTargetID = 6A197C30251B819200E199FB;
					};
					6A197C65251B81C000E199FB = {
						CreatedOnToolsVersion = 12.0;
						LastSwiftMigration = 1200;
					};
					6A197CFC251B9A9100E199FB = {
						CreatedOnToolsVersion = 12.0;
					};
					6A197D26251BB69A00E199FB = {
						CreatedOnToolsVersion = 12.0;
					};
				};
			};
			buildConfigurationList = 6A197C2C251B819200E199FB /* Build configuration list for PBXProject "Widgets" */;
			compatibilityVersion = "Xcode 9.3";
			developmentRegion = en;
			hasScannedForEncodings = 0;
			knownRegions = (
				en,
				Base,
			);
			mainGroup = 6A197C28251B819200E199FB;
			productRefGroup = 6A197C32251B819200E199FB /* Products */;
			projectDirPath = "";
			projectRoot = "";
			targets = (
				6A197C30251B819200E199FB /* Widgets */,
				6A197C41251B819300E199FB /* WidgetsTests */,
				6A197C4C251B819300E199FB /* WidgetsUITests */,
				6A197C65251B81C000E199FB /* Widget_ExExtension */,
				6A197CFC251B9A9100E199FB /* 1Extension */,
				6A197D26251BB69A00E199FB /* WidgetCollectionExtension */,
			);
		};
/* End PBXProject section */

/* Begin PBXResourcesBuildPhase section */
		6A197C2F251B819200E199FB /* Resources */ = {
			isa = PBXResourcesBuildPhase;
			buildActionMask = 2147483647;
			files = (
				6A197C3C251B819300E199FB /* Preview Assets.xcassets in Resources */,
				6A197C39251B819300E199FB /* Assets.xcassets in Resources */,
				6A197D66251BBCA000E199FB /* Avatar.png in Resources */,
			);
			runOnlyForDeploymentPostprocessing = 0;
		};
		6A197C40251B819300E199FB /* Resources */ = {
			isa = PBXResourcesBuildPhase;
			buildActionMask = 2147483647;
			files = (
			);
			runOnlyForDeploymentPostprocessing = 0;
		};
		6A197C4B251B819300E199FB /* Resources */ = {
			isa = PBXResourcesBuildPhase;
			buildActionMask = 2147483647;
			files = (
			);
			runOnlyForDeploymentPostprocessing = 0;
		};
		6A197C64251B81C000E199FB /* Resources */ = {
			isa = PBXResourcesBuildPhase;
			buildActionMask = 2147483647;
			files = (
			);
			runOnlyForDeploymentPostprocessing = 0;
		};
		6A197CFB251B9A9100E199FB /* Resources */ = {
			isa = PBXResourcesBuildPhase;
			buildActionMask = 2147483647;
			files = (
			);
			runOnlyForDeploymentPostprocessing = 0;
		};
		6A197D25251BB69A00E199FB /* Resources */ = {
			isa = PBXResourcesBuildPhase;
			buildActionMask = 2147483647;
			files = (
				6A197D2F251BB69D00E199FB /* Assets.xcassets in Resources */,
			);
			runOnlyForDeploymentPostprocessing = 0;
		};
/* End PBXResourcesBuildPhase section */

/* Begin PBXSourcesBuildPhase section */
		6A197C2D251B819200E199FB /* Sources */ = {
			isa = PBXSourcesBuildPhase;
			buildActionMask = 2147483647;
			files = (
				6A197D32251BB69D00E199FB /* WidgetCollection.intentdefinition in Sources */,
				6A197C37251B819200E199FB /* ContentView.swift in Sources */,
				6A197C35251B819200E199FB /* WidgetsApp.swift in Sources */,
			);
			runOnlyForDeploymentPostprocessing = 0;
		};
		6A197C3E251B819300E199FB /* Sources */ = {
			isa = PBXSourcesBuildPhase;
			buildActionMask = 2147483647;
			files = (
				6A197C47251B819300E199FB /* WidgetsTests.swift in Sources */,
			);
			runOnlyForDeploymentPostprocessing = 0;
		};
		6A197C49251B819300E199FB /* Sources */ = {
			isa = PBXSourcesBuildPhase;
			buildActionMask = 2147483647;
			files = (
				6A197C52251B819300E199FB /* WidgetsUITests.swift in Sources */,
			);
			runOnlyForDeploymentPostprocessing = 0;
		};
		6A197C62251B81C000E199FB /* Sources */ = {
			isa = PBXSourcesBuildPhase;
			buildActionMask = 2147483647;
			files = (
				6A197D40251BB6CC00E199FB /* MyDataProvider.swift in Sources */,
			);
			runOnlyForDeploymentPostprocessing = 0;
		};
		6A197CF9251B9A9100E199FB /* Sources */ = {
			isa = PBXSourcesBuildPhase;
			buildActionMask = 2147483647;
			files = (
			);
			runOnlyForDeploymentPostprocessing = 0;
		};
		6A197D23251BB69A00E199FB /* Sources */ = {
			isa = PBXSourcesBuildPhase;
			buildActionMask = 2147483647;
			files = (
				6A197D31251BB69D00E199FB /* WidgetCollection.intentdefinition in Sources */,
				6A197D2C251BB69A00E199FB /* WidgetCollection.swift in Sources */,
			);
			runOnlyForDeploymentPostprocessing = 0;
		};
/* End PBXSourcesBuildPhase section */

/* Begin PBXTargetDependency section */
		6A197C44251B819300E199FB /* PBXTargetDependency */ = {
			isa = PBXTargetDependency;
			target = 6A197C30251B819200E199FB /* Widgets */;
			targetProxy = 6A197C43251B819300E199FB /* PBXContainerItemProxy */;
		};
		6A197C4F251B819300E199FB /* PBXTargetDependency */ = {
			isa = PBXTargetDependency;
			target = 6A197C30251B819200E199FB /* Widgets */;
			targetProxy = 6A197C4E251B819300E199FB /* PBXContainerItemProxy */;
		};
		6A197D34251BB69D00E199FB /* PBXTargetDependency */ = {
			isa = PBXTargetDependency;
			target = 6A197D26251BB69A00E199FB /* WidgetCollectionExtension */;
			targetProxy = 6A197D33251BB69D00E199FB /* PBXContainerItemProxy */;
		};
/* End PBXTargetDependency section */

/* Begin XCBuildConfiguration section */
		6A197C54251B819300E199FB /* Debug */ = {
			isa = XCBuildConfiguration;
			buildSettings = {
				ALWAYS_SEARCH_USER_PATHS = NO;
				CLANG_ANALYZER_NONNULL = YES;
				CLANG_ANALYZER_NUMBER_OBJECT_CONVERSION = YES_AGGRESSIVE;
				CLANG_CXX_LANGUAGE_STANDARD = "gnu++14";
				CLANG_CXX_LIBRARY = "libc++";
				CLANG_ENABLE_MODULES = YES;
				CLANG_ENABLE_OBJC_ARC = YES;
				CLANG_ENABLE_OBJC_WEAK = YES;
				CLANG_WARN_BLOCK_CAPTURE_AUTORELEASING = YES;
				CLANG_WARN_BOOL_CONVERSION = YES;
				CLANG_WARN_COMMA = YES;
				CLANG_WARN_CONSTANT_CONVERSION = YES;
				CLANG_WARN_DEPRECATED_OBJC_IMPLEMENTATIONS = YES;
				CLANG_WARN_DIRECT_OBJC_ISA_USAGE = YES_ERROR;
				CLANG_WARN_DOCUMENTATION_COMMENTS = YES;
				CLANG_WARN_EMPTY_BODY = YES;
				CLANG_WARN_ENUM_CONVERSION = YES;
				CLANG_WARN_INFINITE_RECURSION = YES;
				CLANG_WARN_INT_CONVERSION = YES;
				CLANG_WARN_NON_LITERAL_NULL_CONVERSION = YES;
				CLANG_WARN_OBJC_IMPLICIT_RETAIN_SELF = YES;
				CLANG_WARN_OBJC_LITERAL_CONVERSION = YES;
				CLANG_WARN_OBJC_ROOT_CLASS = YES_ERROR;
				CLANG_WARN_QUOTED_INCLUDE_IN_FRAMEWORK_HEADER = YES;
				CLANG_WARN_RANGE_LOOP_ANALYSIS = YES;
				CLANG_WARN_STRICT_PROTOTYPES = YES;
				CLANG_WARN_SUSPICIOUS_MOVE = YES;
				CLANG_WARN_UNGUARDED_AVAILABILITY = YES_AGGRESSIVE;
				CLANG_WARN_UNREACHABLE_CODE = YES;
				CLANG_WARN__DUPLICATE_METHOD_MATCH = YES;
				COPY_PHASE_STRIP = NO;
				DEBUG_INFORMATION_FORMAT = dwarf;
				ENABLE_STRICT_OBJC_MSGSEND = YES;
				ENABLE_TESTABILITY = YES;
				GCC_C_LANGUAGE_STANDARD = gnu11;
				GCC_DYNAMIC_NO_PIC = NO;
				GCC_NO_COMMON_BLOCKS = YES;
				GCC_OPTIMIZATION_LEVEL = 0;
				GCC_PREPROCESSOR_DEFINITIONS = (
					"DEBUG=1",
					"$(inherited)",
				);
				GCC_WARN_64_TO_32_BIT_CONVERSION = YES;
				GCC_WARN_ABOUT_RETURN_TYPE = YES_ERROR;
				GCC_WARN_UNDECLARED_SELECTOR = YES;
				GCC_WARN_UNINITIALIZED_AUTOS = YES_AGGRESSIVE;
				GCC_WARN_UNUSED_FUNCTION = YES;
				GCC_WARN_UNUSED_VARIABLE = YES;
				IPHONEOS_DEPLOYMENT_TARGET = 14.0;
				MTL_ENABLE_DEBUG_INFO = INCLUDE_SOURCE;
				MTL_FAST_MATH = YES;
				ONLY_ACTIVE_ARCH = YES;
				SDKROOT = iphoneos;
				SWIFT_ACTIVE_COMPILATION_CONDITIONS = DEBUG;
				SWIFT_OPTIMIZATION_LEVEL = "-Onone";
			};
			name = Debug;
		};
		6A197C55251B819300E199FB /* Release */ = {
			isa = XCBuildConfiguration;
			buildSettings = {
				ALWAYS_SEARCH_USER_PATHS = NO;
				CLANG_ANALYZER_NONNULL = YES;
				CLANG_ANALYZER_NUMBER_OBJECT_CONVERSION = YES_AGGRESSIVE;
				CLANG_CXX_LANGUAGE_STANDARD = "gnu++14";
				CLANG_CXX_LIBRARY = "libc++";
				CLANG_ENABLE_MODULES = YES;
				CLANG_ENABLE_OBJC_ARC = YES;
				CLANG_ENABLE_OBJC_WEAK = YES;
				CLANG_WARN_BLOCK_CAPTURE_AUTORELEASING = YES;
				CLANG_WARN_BOOL_CONVERSION = YES;
				CLANG_WARN_COMMA = YES;
				CLANG_WARN_CONSTANT_CONVERSION = YES;
				CLANG_WARN_DEPRECATED_OBJC_IMPLEMENTATIONS = YES;
				CLANG_WARN_DIRECT_OBJC_ISA_USAGE = YES_ERROR;
				CLANG_WARN_DOCUMENTATION_COMMENTS = YES;
				CLANG_WARN_EMPTY_BODY = YES;
				CLANG_WARN_ENUM_CONVERSION = YES;
				CLANG_WARN_INFINITE_RECURSION = YES;
				CLANG_WARN_INT_CONVERSION = YES;
				CLANG_WARN_NON_LITERAL_NULL_CONVERSION = YES;
				CLANG_WARN_OBJC_IMPLICIT_RETAIN_SELF = YES;
				CLANG_WARN_OBJC_LITERAL_CONVERSION = YES;
				CLANG_WARN_OBJC_ROOT_CLASS = YES_ERROR;
				CLANG_WARN_QUOTED_INCLUDE_IN_FRAMEWORK_HEADER = YES;
				CLANG_WARN_RANGE_LOOP_ANALYSIS = YES;
				CLANG_WARN_STRICT_PROTOTYPES = YES;
				CLANG_WARN_SUSPICIOUS_MOVE = YES;
				CLANG_WARN_UNGUARDED_AVAILABILITY = YES_AGGRESSIVE;
				CLANG_WARN_UNREACHABLE_CODE = YES;
				CLANG_WARN__DUPLICATE_METHOD_MATCH = YES;
				COPY_PHASE_STRIP = NO;
				DEBUG_INFORMATION_FORMAT = "dwarf-with-dsym";
				ENABLE_NS_ASSERTIONS = NO;
				ENABLE_STRICT_OBJC_MSGSEND = YES;
				GCC_C_LANGUAGE_STANDARD = gnu11;
				GCC_NO_COMMON_BLOCKS = YES;
				GCC_WARN_64_TO_32_BIT_CONVERSION = YES;
				GCC_WARN_ABOUT_RETURN_TYPE = YES_ERROR;
				GCC_WARN_UNDECLARED_SELECTOR = YES;
				GCC_WARN_UNINITIALIZED_AUTOS = YES_AGGRESSIVE;
				GCC_WARN_UNUSED_FUNCTION = YES;
				GCC_WARN_UNUSED_VARIABLE = YES;
				IPHONEOS_DEPLOYMENT_TARGET = 14.0;
				MTL_ENABLE_DEBUG_INFO = NO;
				MTL_FAST_MATH = YES;
				SDKROOT = iphoneos;
				SWIFT_COMPILATION_MODE = wholemodule;
				SWIFT_OPTIMIZATION_LEVEL = "-O";
				VALIDATE_PRODUCT = YES;
			};
			name = Release;
		};
		6A197C57251B819300E199FB /* Debug */ = {
			isa = XCBuildConfiguration;
			buildSettings = {
				ALWAYS_EMBED_SWIFT_STANDARD_LIBRARIES = YES;
				ASSETCATALOG_COMPILER_APPICON_NAME = AppIcon;
				ASSETCATALOG_COMPILER_GLOBAL_ACCENT_COLOR_NAME = AccentColor;
				CODE_SIGN_STYLE = Automatic;
				DEVELOPMENT_ASSET_PATHS = "\"Widgets/Preview Content\"";
				DEVELOPMENT_TEAM = F63AT3Y2WN;
				ENABLE_PREVIEWS = YES;
				INFOPLIST_FILE = Widgets/Info.plist;
				IPHONEOS_DEPLOYMENT_TARGET = 14.0;
				LD_RUNPATH_SEARCH_PATHS = (
					"$(inherited)",
					"@executable_path/Frameworks",
				);
				PRODUCT_BUNDLE_IDENTIFIER = MKM.Widgets;
				PRODUCT_NAME = "$(TARGET_NAME)";
				SWIFT_VERSION = 5.0;
				TARGETED_DEVICE_FAMILY = "1,2";
			};
			name = Debug;
		};
		6A197C58251B819300E199FB /* Release */ = {
			isa = XCBuildConfiguration;
			buildSettings = {
				ALWAYS_EMBED_SWIFT_STANDARD_LIBRARIES = YES;
				ASSETCATALOG_COMPILER_APPICON_NAME = AppIcon;
				ASSETCATALOG_COMPILER_GLOBAL_ACCENT_COLOR_NAME = AccentColor;
				CODE_SIGN_STYLE = Automatic;
				DEVELOPMENT_ASSET_PATHS = "\"Widgets/Preview Content\"";
				DEVELOPMENT_TEAM = F63AT3Y2WN;
				ENABLE_PREVIEWS = YES;
				INFOPLIST_FILE = Widgets/Info.plist;
				IPHONEOS_DEPLOYMENT_TARGET = 14.0;
				LD_RUNPATH_SEARCH_PATHS = (
					"$(inherited)",
					"@executable_path/Frameworks",
				);
				PRODUCT_BUNDLE_IDENTIFIER = MKM.Widgets;
				PRODUCT_NAME = "$(TARGET_NAME)";
				SWIFT_VERSION = 5.0;
				TARGETED_DEVICE_FAMILY = "1,2";
			};
			name = Release;
		};
		6A197C5A251B819300E199FB /* Debug */ = {
			isa = XCBuildConfiguration;
			buildSettings = {
				ALWAYS_EMBED_SWIFT_STANDARD_LIBRARIES = YES;
				BUNDLE_LOADER = "$(TEST_HOST)";
				CODE_SIGN_STYLE = Automatic;
				DEVELOPMENT_TEAM = F63AT3Y2WN;
				INFOPLIST_FILE = WidgetsTests/Info.plist;
				IPHONEOS_DEPLOYMENT_TARGET = 14.0;
				LD_RUNPATH_SEARCH_PATHS = (
					"$(inherited)",
					"@executable_path/Frameworks",
					"@loader_path/Frameworks",
				);
				PRODUCT_BUNDLE_IDENTIFIER = MKM.WidgetsTests;
				PRODUCT_NAME = "$(TARGET_NAME)";
				SWIFT_VERSION = 5.0;
				TARGETED_DEVICE_FAMILY = "1,2";
				TEST_HOST = "$(BUILT_PRODUCTS_DIR)/Widgets.app/Widgets";
			};
			name = Debug;
		};
		6A197C5B251B819300E199FB /* Release */ = {
			isa = XCBuildConfiguration;
			buildSettings = {
				ALWAYS_EMBED_SWIFT_STANDARD_LIBRARIES = YES;
				BUNDLE_LOADER = "$(TEST_HOST)";
				CODE_SIGN_STYLE = Automatic;
				DEVELOPMENT_TEAM = F63AT3Y2WN;
				INFOPLIST_FILE = WidgetsTests/Info.plist;
				IPHONEOS_DEPLOYMENT_TARGET = 14.0;
				LD_RUNPATH_SEARCH_PATHS = (
					"$(inherited)",
					"@executable_path/Frameworks",
					"@loader_path/Frameworks",
				);
				PRODUCT_BUNDLE_IDENTIFIER = MKM.WidgetsTests;
				PRODUCT_NAME = "$(TARGET_NAME)";
				SWIFT_VERSION = 5.0;
				TARGETED_DEVICE_FAMILY = "1,2";
				TEST_HOST = "$(BUILT_PRODUCTS_DIR)/Widgets.app/Widgets";
			};
			name = Release;
		};
		6A197C5D251B819300E199FB /* Debug */ = {
			isa = XCBuildConfiguration;
			buildSettings = {
				ALWAYS_EMBED_SWIFT_STANDARD_LIBRARIES = YES;
				CODE_SIGN_STYLE = Automatic;
				DEVELOPMENT_TEAM = F63AT3Y2WN;
				INFOPLIST_FILE = WidgetsUITests/Info.plist;
				LD_RUNPATH_SEARCH_PATHS = (
					"$(inherited)",
					"@executable_path/Frameworks",
					"@loader_path/Frameworks",
				);
				PRODUCT_BUNDLE_IDENTIFIER = MKM.WidgetsUITests;
				PRODUCT_NAME = "$(TARGET_NAME)";
				SWIFT_VERSION = 5.0;
				TARGETED_DEVICE_FAMILY = "1,2";
				TEST_TARGET_NAME = Widgets;
			};
			name = Debug;
		};
		6A197C5E251B819300E199FB /* Release */ = {
			isa = XCBuildConfiguration;
			buildSettings = {
				ALWAYS_EMBED_SWIFT_STANDARD_LIBRARIES = YES;
				CODE_SIGN_STYLE = Automatic;
				DEVELOPMENT_TEAM = F63AT3Y2WN;
				INFOPLIST_FILE = WidgetsUITests/Info.plist;
				LD_RUNPATH_SEARCH_PATHS = (
					"$(inherited)",
					"@executable_path/Frameworks",
					"@loader_path/Frameworks",
				);
				PRODUCT_BUNDLE_IDENTIFIER = MKM.WidgetsUITests;
				PRODUCT_NAME = "$(TARGET_NAME)";
				SWIFT_VERSION = 5.0;
				TARGETED_DEVICE_FAMILY = "1,2";
				TEST_TARGET_NAME = Widgets;
			};
			name = Release;
		};
		6A197C79251B81C200E199FB /* Debug */ = {
			isa = XCBuildConfiguration;
			buildSettings = {
				ASSETCATALOG_COMPILER_GLOBAL_ACCENT_COLOR_NAME = AccentColor;
				ASSETCATALOG_COMPILER_WIDGET_BACKGROUND_COLOR_NAME = WidgetBackground;
				CLANG_ENABLE_MODULES = YES;
				CODE_SIGN_STYLE = Automatic;
				DEVELOPMENT_TEAM = F63AT3Y2WN;
				INFOPLIST_FILE = Widget_Ex/Info.plist;
				LD_RUNPATH_SEARCH_PATHS = (
					"$(inherited)",
					"@executable_path/Frameworks",
					"@executable_path/../../Frameworks",
				);
				PRODUCT_BUNDLE_IDENTIFIER = "MKM.Widgets.Widget-Ex";
				PRODUCT_NAME = "$(TARGET_NAME)";
				SKIP_INSTALL = YES;
				SWIFT_OPTIMIZATION_LEVEL = "-Onone";
				SWIFT_VERSION = 5.0;
				TARGETED_DEVICE_FAMILY = "1,2";
			};
			name = Debug;
		};
		6A197C7A251B81C200E199FB /* Release */ = {
			isa = XCBuildConfiguration;
			buildSettings = {
				ASSETCATALOG_COMPILER_GLOBAL_ACCENT_COLOR_NAME = AccentColor;
				ASSETCATALOG_COMPILER_WIDGET_BACKGROUND_COLOR_NAME = WidgetBackground;
				CLANG_ENABLE_MODULES = YES;
				CODE_SIGN_STYLE = Automatic;
				DEVELOPMENT_TEAM = F63AT3Y2WN;
				INFOPLIST_FILE = Widget_Ex/Info.plist;
				LD_RUNPATH_SEARCH_PATHS = (
					"$(inherited)",
					"@executable_path/Frameworks",
					"@executable_path/../../Frameworks",
				);
				PRODUCT_BUNDLE_IDENTIFIER = "MKM.Widgets.Widget-Ex";
				PRODUCT_NAME = "$(TARGET_NAME)";
				SKIP_INSTALL = YES;
				SWIFT_VERSION = 5.0;
				TARGETED_DEVICE_FAMILY = "1,2";
			};
			name = Release;
		};
		6A197D0D251B9A9300E199FB /* Debug */ = {
			isa = XCBuildConfiguration;
			buildSettings = {
				ASSETCATALOG_COMPILER_GLOBAL_ACCENT_COLOR_NAME = AccentColor;
				ASSETCATALOG_COMPILER_WIDGET_BACKGROUND_COLOR_NAME = WidgetBackground;
				CODE_SIGN_STYLE = Automatic;
				DEVELOPMENT_TEAM = F63AT3Y2WN;
				INFOPLIST_FILE = 1/Info.plist;
				LD_RUNPATH_SEARCH_PATHS = (
					"$(inherited)",
					"@executable_path/Frameworks",
					"@executable_path/../../Frameworks",
				);
				PRODUCT_BUNDLE_IDENTIFIER = "MKM.Widgets.-";
				PRODUCT_NAME = "$(TARGET_NAME)";
				SKIP_INSTALL = YES;
				SWIFT_VERSION = 5.0;
				TARGETED_DEVICE_FAMILY = "1,2";
			};
			name = Debug;
		};
		6A197D0E251B9A9300E199FB /* Release */ = {
			isa = XCBuildConfiguration;
			buildSettings = {
				ASSETCATALOG_COMPILER_GLOBAL_ACCENT_COLOR_NAME = AccentColor;
				ASSETCATALOG_COMPILER_WIDGET_BACKGROUND_COLOR_NAME = WidgetBackground;
				CODE_SIGN_STYLE = Automatic;
				DEVELOPMENT_TEAM = F63AT3Y2WN;
				INFOPLIST_FILE = 1/Info.plist;
				LD_RUNPATH_SEARCH_PATHS = (
					"$(inherited)",
					"@executable_path/Frameworks",
					"@executable_path/../../Frameworks",
				);
				PRODUCT_BUNDLE_IDENTIFIER = "MKM.Widgets.-";
				PRODUCT_NAME = "$(TARGET_NAME)";
				SKIP_INSTALL = YES;
				SWIFT_VERSION = 5.0;
				TARGETED_DEVICE_FAMILY = "1,2";
			};
			name = Release;
		};
		6A197D37251BB69D00E199FB /* Debug */ = {
			isa = XCBuildConfiguration;
			buildSettings = {
				ASSETCATALOG_COMPILER_GLOBAL_ACCENT_COLOR_NAME = AccentColor;
				ASSETCATALOG_COMPILER_WIDGET_BACKGROUND_COLOR_NAME = WidgetBackground;
				CODE_SIGN_STYLE = Automatic;
				DEVELOPMENT_TEAM = F63AT3Y2WN;
				INFOPLIST_FILE = WidgetCollection/Info.plist;
				LD_RUNPATH_SEARCH_PATHS = (
					"$(inherited)",
					"@executable_path/Frameworks",
					"@executable_path/../../Frameworks",
				);
				PRODUCT_BUNDLE_IDENTIFIER = MKM.Widgets.WidgetCollection;
				PRODUCT_NAME = "$(TARGET_NAME)";
				SKIP_INSTALL = YES;
				SWIFT_VERSION = 5.0;
				TARGETED_DEVICE_FAMILY = "1,2";
			};
			name = Debug;
		};
		6A197D38251BB69D00E199FB /* Release */ = {
			isa = XCBuildConfiguration;
			buildSettings = {
				ASSETCATALOG_COMPILER_GLOBAL_ACCENT_COLOR_NAME = AccentColor;
				ASSETCATALOG_COMPILER_WIDGET_BACKGROUND_COLOR_NAME = WidgetBackground;
				CODE_SIGN_STYLE = Automatic;
				DEVELOPMENT_TEAM = F63AT3Y2WN;
				INFOPLIST_FILE = WidgetCollection/Info.plist;
				LD_RUNPATH_SEARCH_PATHS = (
					"$(inherited)",
					"@executable_path/Frameworks",
					"@executable_path/../../Frameworks",
				);
				PRODUCT_BUNDLE_IDENTIFIER = MKM.Widgets.WidgetCollection;
				PRODUCT_NAME = "$(TARGET_NAME)";
				SKIP_INSTALL = YES;
				SWIFT_VERSION = 5.0;
				TARGETED_DEVICE_FAMILY = "1,2";
			};
			name = Release;
		};
/* End XCBuildConfiguration section */

/* Begin XCConfigurationList section */
		6A197C2C251B819200E199FB /* Build configuration list for PBXProject "Widgets" */ = {
			isa = XCConfigurationList;
			buildConfigurations = (
				6A197C54251B819300E199FB /* Debug */,
				6A197C55251B819300E199FB /* Release */,
			);
			defaultConfigurationIsVisible = 0;
			defaultConfigurationName = Release;
		};
		6A197C56251B819300E199FB /* Build configuration list for PBXNativeTarget "Widgets" */ = {
			isa = XCConfigurationList;
			buildConfigurations = (
				6A197C57251B819300E199FB /* Debug */,
				6A197C58251B819300E199FB /* Release */,
			);
			defaultConfigurationIsVisible = 0;
			defaultConfigurationName = Release;
		};
		6A197C59251B819300E199FB /* Build configuration list for PBXNativeTarget "WidgetsTests" */ = {
			isa = XCConfigurationList;
			buildConfigurations = (
				6A197C5A251B819300E199FB /* Debug */,
				6A197C5B251B819300E199FB /* Release */,
			);
			defaultConfigurationIsVisible = 0;
			defaultConfigurationName = Release;
		};
		6A197C5C251B819300E199FB /* Build configuration list for PBXNativeTarget "WidgetsUITests" */ = {
			isa = XCConfigurationList;
			buildConfigurations = (
				6A197C5D251B819300E199FB /* Debug */,
				6A197C5E251B819300E199FB /* Release */,
			);
			defaultConfigurationIsVisible = 0;
			defaultConfigurationName = Release;
		};
		6A197C78251B81C200E199FB /* Build configuration list for PBXNativeTarget "Widget_ExExtension" */ = {
			isa = XCConfigurationList;
			buildConfigurations = (
				6A197C79251B81C200E199FB /* Debug */,
				6A197C7A251B81C200E199FB /* Release */,
			);
			defaultConfigurationIsVisible = 0;
			defaultConfigurationName = Release;
		};
		6A197D0C251B9A9300E199FB /* Build configuration list for PBXNativeTarget "1Extension" */ = {
			isa = XCConfigurationList;
			buildConfigurations = (
				6A197D0D251B9A9300E199FB /* Debug */,
				6A197D0E251B9A9300E199FB /* Release */,
			);
			defaultConfigurationIsVisible = 0;
			defaultConfigurationName = Release;
		};
		6A197D36251BB69D00E199FB /* Build configuration list for PBXNativeTarget "WidgetCollectionExtension" */ = {
			isa = XCConfigurationList;
			buildConfigurations = (
				6A197D37251BB69D00E199FB /* Debug */,
				6A197D38251BB69D00E199FB /* Release */,
			);
			defaultConfigurationIsVisible = 0;
			defaultConfigurationName = Release;
		};
/* End XCConfigurationList section */
	};
	rootObject = 6A197C29251B819200E199FB /* Project object */;
}
